
Microsoft Visual Studio Solution File, Format Version 12.00
# Visual Studio Version 16
VisualStudioVersion = 16.0.32413.511
MinimumVisualStudioVersion = 10.0.40219.1
Project("{8BC9CEB8-8B4A-11D0-8D11-00A0C91BC942}") = "23. Sorting_simple", "23. Sorting_simple.vcxproj", "{7EA59B3D-3CB2-492B-890E-9B909A2E47FA}"
EndProject
Global
	GlobalSection(SolutionConfigurationPlatforms) = preSolution
		Debug|x64 = Debug|x64
		Debug|x86 = Debug|x86
		Release|x64 = Release|x64
		Release|x86 = Release|x86
	EndGlobalSection
	GlobalSection(ProjectConfigurationPlatforms) = postSolution
		{7EA59B3D-3CB2-492B-890E-9B909A2E47FA}.Debug|x64.ActiveCfg = Debug|x64
		{7EA59B3D-3CB2-492B-890E-9B909A2E47FA}.Debug|x64.Build.0 = Debug|x64
		{7EA59B3D-3CB2-492B-890E-9B909A2E47FA}.Debug|x86.ActiveCfg = Debug|Win32
		{7EA59B3D-3CB2-492B-890E-9B909A2E47FA}.Debug|x86.Build.0 = Debug|Win32
		{7EA59B3D-3CB2-492B-890E-9B909A2E47FA}.Release|x64.ActiveCfg = Release|x64
		{7EA59B3D-3CB2-492B-890E-9B909A2E47FA}.Release|x64.Build.0 = Release|x64
		{7EA59B3D-3CB2-492B-890E-9B909A2E47FA}.Release|x86.ActiveCfg = Release|Win32
		{7EA59B3D-3CB2-492B-890E-9B909A2E47FA}.Release|x86.Build.0 = Release|Win32
	EndGlobalSection
	GlobalSection(SolutionProperties) = preSolution
		HideSolutionNode = FALSE
	EndGlobalSection
	GlobalSection(ExtensibilityGlobals) = postSolution
		SolutionGuid = {64A9324C-826F-45BD-96B5-FA71A92B3BBC}
	EndGlobalSection
EndGlobal
